// !$*UTF8*$!
{
	archiveVersion = 1;
	classes = {
	};
	objectVersion = 46;
	objects = {

/* Begin PBXAggregateTarget section */
		"HOGFeatureExtractor::HOGFeatureExtractorPackageTests::ProductTarget" /* HOGFeatureExtractorPackageTests */ = {
			isa = PBXAggregateTarget;
			buildConfigurationList = OBJ_31 /* Build configuration list for PBXAggregateTarget "HOGFeatureExtractorPackageTests" */;
			buildPhases = (
			);
			dependencies = (
				OBJ_34 /* PBXTargetDependency */,
			);
			name = HOGFeatureExtractorPackageTests;
			productName = HOGFeatureExtractorPackageTests;
		};
/* End PBXAggregateTarget section */

/* Begin PBXBuildFile section */
		A7C0B6E821956C760063F55C /* SKImageCompatibilityTests.swift in Sources */ = {isa = PBXBuildFile; fileRef = A7C0B6E721956C760063F55C /* SKImageCompatibilityTests.swift */; };
		A7C0B6ED21956FDB0063F55C /* XCTAssert+Array.swift in Sources */ = {isa = PBXBuildFile; fileRef = A7C0B6EC21956FDB0063F55C /* XCTAssert+Array.swift */; };
		A7C0B6EF219572840063F55C /* size_4_4_ori_9_ppc_2_2_bpc_2_2_l1.swift in Sources */ = {isa = PBXBuildFile; fileRef = A7C0B6EE219572840063F55C /* size_4_4_ori_9_ppc_2_2_bpc_2_2_l1.swift */; };
		A7C0B6F22195739E0063F55C /* size_4_5_ori_9_ppc_2_2_bpc_2_2_l1.swift in Sources */ = {isa = PBXBuildFile; fileRef = A7C0B6F12195739E0063F55C /* size_4_5_ori_9_ppc_2_2_bpc_2_2_l1.swift */; };
		A7C0B6F4219573F80063F55C /* size_4_6_ori_9_ppc_2_2_bpc_2_2_l1.swift in Sources */ = {isa = PBXBuildFile; fileRef = A7C0B6F3219573F80063F55C /* size_4_6_ori_9_ppc_2_2_bpc_2_2_l1.swift */; };
		OBJ_22 /* HOGFeatureExtractor.swift in Sources */ = {isa = PBXBuildFile; fileRef = OBJ_9 /* HOGFeatureExtractor.swift */; };
		OBJ_29 /* Package.swift in Sources */ = {isa = PBXBuildFile; fileRef = OBJ_6 /* Package.swift */; };
		OBJ_40 /* HOGFeatureExtractorTests.swift in Sources */ = {isa = PBXBuildFile; fileRef = OBJ_12 /* HOGFeatureExtractorTests.swift */; };
		OBJ_41 /* XCTestManifests.swift in Sources */ = {isa = PBXBuildFile; fileRef = OBJ_13 /* XCTestManifests.swift */; };
		OBJ_43 /* HOGFeatureExtractor.framework in Frameworks */ = {isa = PBXBuildFile; fileRef = "HOGFeatureExtractor::HOGFeatureExtractor::Product" /* HOGFeatureExtractor.framework */; };
/* End PBXBuildFile section */

/* Begin PBXContainerItemProxy section */
		A7C0B6E621956C470063F55C /* PBXContainerItemProxy */ = {
			isa = PBXContainerItemProxy;
			containerPortal = OBJ_1 /* Project object */;
			proxyType = 1;
			remoteGlobalIDString = "HOGFeatureExtractor::HOGFeatureExtractor";
			remoteInfo = HOGFeatureExtractor;
		};
		A7C0B6E921956C770063F55C /* PBXContainerItemProxy */ = {
			isa = PBXContainerItemProxy;
			containerPortal = OBJ_1 /* Project object */;
			proxyType = 1;
			remoteGlobalIDString = "HOGFeatureExtractor::HOGFeatureExtractorTests";
			remoteInfo = HOGFeatureExtractorTests;
		};
/* End PBXContainerItemProxy section */

/* Begin PBXFileReference section */
		A7C0B6E721956C760063F55C /* SKImageCompatibilityTests.swift */ = {isa = PBXFileReference; lastKnownFileType = sourcecode.swift; path = SKImageCompatibilityTests.swift; sourceTree = "<group>"; };
		A7C0B6EC21956FDB0063F55C /* XCTAssert+Array.swift */ = {isa = PBXFileReference; lastKnownFileType = sourcecode.swift; path = "XCTAssert+Array.swift"; sourceTree = "<group>"; };
		A7C0B6EE219572840063F55C /* size_4_4_ori_9_ppc_2_2_bpc_2_2_l1.swift */ = {isa = PBXFileReference; lastKnownFileType = sourcecode.swift; path = size_4_4_ori_9_ppc_2_2_bpc_2_2_l1.swift; sourceTree = "<group>"; };
		A7C0B6F12195739E0063F55C /* size_4_5_ori_9_ppc_2_2_bpc_2_2_l1.swift */ = {isa = PBXFileReference; lastKnownFileType = sourcecode.swift; path = size_4_5_ori_9_ppc_2_2_bpc_2_2_l1.swift; sourceTree = "<group>"; };
		A7C0B6F3219573F80063F55C /* size_4_6_ori_9_ppc_2_2_bpc_2_2_l1.swift */ = {isa = PBXFileReference; lastKnownFileType = sourcecode.swift; path = size_4_6_ori_9_ppc_2_2_bpc_2_2_l1.swift; sourceTree = "<group>"; };
		"HOGFeatureExtractor::HOGFeatureExtractor::Product" /* HOGFeatureExtractor.framework */ = {isa = PBXFileReference; lastKnownFileType = wrapper.framework; path = HOGFeatureExtractor.framework; sourceTree = BUILT_PRODUCTS_DIR; };
		"HOGFeatureExtractor::HOGFeatureExtractorTests::Product" /* HOGFeatureExtractorTests.xctest */ = {isa = PBXFileReference; lastKnownFileType = file; path = HOGFeatureExtractorTests.xctest; sourceTree = BUILT_PRODUCTS_DIR; };
		OBJ_12 /* HOGFeatureExtractorTests.swift */ = {isa = PBXFileReference; lastKnownFileType = sourcecode.swift; path = HOGFeatureExtractorTests.swift; sourceTree = "<group>"; };
		OBJ_13 /* XCTestManifests.swift */ = {isa = PBXFileReference; lastKnownFileType = sourcecode.swift; path = XCTestManifests.swift; sourceTree = "<group>"; };
		OBJ_6 /* Package.swift */ = {isa = PBXFileReference; explicitFileType = sourcecode.swift; path = Package.swift; sourceTree = "<group>"; };
		OBJ_9 /* HOGFeatureExtractor.swift */ = {isa = PBXFileReference; lastKnownFileType = sourcecode.swift; path = HOGFeatureExtractor.swift; sourceTree = "<group>"; };
/* End PBXFileReference section */

/* Begin PBXFrameworksBuildPhase section */
		OBJ_23 /* Frameworks */ = {
			isa = PBXFrameworksBuildPhase;
			buildActionMask = 0;
			files = (
			);
			runOnlyForDeploymentPostprocessing = 0;
		};
		OBJ_42 /* Frameworks */ = {
			isa = PBXFrameworksBuildPhase;
			buildActionMask = 0;
			files = (
				OBJ_43 /* HOGFeatureExtractor.framework in Frameworks */,
			);
			runOnlyForDeploymentPostprocessing = 0;
		};
/* End PBXFrameworksBuildPhase section */

/* Begin PBXGroup section */
		A7C0B6F0219573750063F55C /* SKImageOutput */ = {
			isa = PBXGroup;
			children = (
				A7C0B6EE219572840063F55C /* size_4_4_ori_9_ppc_2_2_bpc_2_2_l1.swift */,
				A7C0B6F12195739E0063F55C /* size_4_5_ori_9_ppc_2_2_bpc_2_2_l1.swift */,
				A7C0B6F3219573F80063F55C /* size_4_6_ori_9_ppc_2_2_bpc_2_2_l1.swift */,
			);
			path = SKImageOutput;
			sourceTree = "<group>";
		};
		OBJ_10 /* Tests */ = {
			isa = PBXGroup;
			children = (
				OBJ_11 /* HOGFeatureExtractorTests */,
			);
			name = Tests;
			sourceTree = SOURCE_ROOT;
		};
		OBJ_11 /* HOGFeatureExtractorTests */ = {
			isa = PBXGroup;
			children = (
				A7C0B6F0219573750063F55C /* SKImageOutput */,
				OBJ_12 /* HOGFeatureExtractorTests.swift */,
				A7C0B6E721956C760063F55C /* SKImageCompatibilityTests.swift */,
				OBJ_13 /* XCTestManifests.swift */,
				A7C0B6EC21956FDB0063F55C /* XCTAssert+Array.swift */,
			);
			name = HOGFeatureExtractorTests;
			path = Tests/HOGFeatureExtractorTests;
			sourceTree = SOURCE_ROOT;
		};
		OBJ_14 /* Products */ = {
			isa = PBXGroup;
			children = (
				"HOGFeatureExtractor::HOGFeatureExtractorTests::Product" /* HOGFeatureExtractorTests.xctest */,
				"HOGFeatureExtractor::HOGFeatureExtractor::Product" /* HOGFeatureExtractor.framework */,
			);
			name = Products;
			sourceTree = BUILT_PRODUCTS_DIR;
		};
		OBJ_5 /*  */ = {
			isa = PBXGroup;
			children = (
				OBJ_6 /* Package.swift */,
				OBJ_7 /* Sources */,
				OBJ_10 /* Tests */,
				OBJ_14 /* Products */,
			);
			name = "";
			sourceTree = "<group>";
		};
		OBJ_7 /* Sources */ = {
			isa = PBXGroup;
			children = (
				OBJ_8 /* HOGFeatureExtractor */,
			);
			name = Sources;
			sourceTree = SOURCE_ROOT;
		};
		OBJ_8 /* HOGFeatureExtractor */ = {
			isa = PBXGroup;
			children = (
				OBJ_9 /* HOGFeatureExtractor.swift */,
			);
			name = HOGFeatureExtractor;
			path = Sources/HOGFeatureExtractor;
			sourceTree = SOURCE_ROOT;
		};
/* End PBXGroup section */

/* Begin PBXNativeTarget section */
		"HOGFeatureExtractor::HOGFeatureExtractor" /* HOGFeatureExtractor */ = {
			isa = PBXNativeTarget;
			buildConfigurationList = OBJ_18 /* Build configuration list for PBXNativeTarget "HOGFeatureExtractor" */;
			buildPhases = (
				OBJ_21 /* Sources */,
				OBJ_23 /* Frameworks */,
			);
			buildRules = (
			);
			dependencies = (
			);
			name = HOGFeatureExtractor;
			productName = HOGFeatureExtractor;
			productReference = "HOGFeatureExtractor::HOGFeatureExtractor::Product" /* HOGFeatureExtractor.framework */;
			productType = "com.apple.product-type.framework";
		};
		"HOGFeatureExtractor::HOGFeatureExtractorTests" /* HOGFeatureExtractorTests */ = {
			isa = PBXNativeTarget;
			buildConfigurationList = OBJ_36 /* Build configuration list for PBXNativeTarget "HOGFeatureExtractorTests" */;
			buildPhases = (
				OBJ_39 /* Sources */,
				OBJ_42 /* Frameworks */,
			);
			buildRules = (
			);
			dependencies = (
				OBJ_44 /* PBXTargetDependency */,
			);
			name = HOGFeatureExtractorTests;
			productName = HOGFeatureExtractorTests;
			productReference = "HOGFeatureExtractor::HOGFeatureExtractorTests::Product" /* HOGFeatureExtractorTests.xctest */;
			productType = "com.apple.product-type.bundle.unit-test";
		};
		"HOGFeatureExtractor::SwiftPMPackageDescription" /* HOGFeatureExtractorPackageDescription */ = {
			isa = PBXNativeTarget;
			buildConfigurationList = OBJ_25 /* Build configuration list for PBXNativeTarget "HOGFeatureExtractorPackageDescription" */;
			buildPhases = (
				OBJ_28 /* Sources */,
			);
			buildRules = (
			);
			dependencies = (
			);
			name = HOGFeatureExtractorPackageDescription;
			productName = HOGFeatureExtractorPackageDescription;
			productType = "com.apple.product-type.framework";
		};
/* End PBXNativeTarget section */

/* Begin PBXProject section */
		OBJ_1 /* Project object */ = {
			isa = PBXProject;
			attributes = {
				LastUpgradeCheck = 9999;
			};
			buildConfigurationList = OBJ_2 /* Build configuration list for PBXProject "HOGFeatureExtractor" */;
			compatibilityVersion = "Xcode 3.2";
			developmentRegion = English;
			hasScannedForEncodings = 0;
			knownRegions = (
				en,
			);
			mainGroup = OBJ_5 /*  */;
			productRefGroup = OBJ_14 /* Products */;
			projectDirPath = "";
			projectRoot = "";
			targets = (
				"HOGFeatureExtractor::HOGFeatureExtractor" /* HOGFeatureExtractor */,
				"HOGFeatureExtractor::SwiftPMPackageDescription" /* HOGFeatureExtractorPackageDescription */,
				"HOGFeatureExtractor::HOGFeatureExtractorPackageTests::ProductTarget" /* HOGFeatureExtractorPackageTests */,
				"HOGFeatureExtractor::HOGFeatureExtractorTests" /* HOGFeatureExtractorTests */,
			);
		};
/* End PBXProject section */

/* Begin PBXSourcesBuildPhase section */
		OBJ_21 /* Sources */ = {
			isa = PBXSourcesBuildPhase;
			buildActionMask = 0;
			files = (
				OBJ_22 /* HOGFeatureExtractor.swift in Sources */,
			);
			runOnlyForDeploymentPostprocessing = 0;
		};
		OBJ_28 /* Sources */ = {
			isa = PBXSourcesBuildPhase;
			buildActionMask = 0;
			files = (
				OBJ_29 /* Package.swift in Sources */,
			);
			runOnlyForDeploymentPostprocessing = 0;
		};
		OBJ_39 /* Sources */ = {
			isa = PBXSourcesBuildPhase;
			buildActionMask = 0;
			files = (
				OBJ_40 /* HOGFeatureExtractorTests.swift in Sources */,
				A7C0B6F22195739E0063F55C /* size_4_5_ori_9_ppc_2_2_bpc_2_2_l1.swift in Sources */,
				A7C0B6F4219573F80063F55C /* size_4_6_ori_9_ppc_2_2_bpc_2_2_l1.swift in Sources */,
				A7C0B6EF219572840063F55C /* size_4_4_ori_9_ppc_2_2_bpc_2_2_l1.swift in Sources */,
				OBJ_41 /* XCTestManifests.swift in Sources */,
				A7C0B6ED21956FDB0063F55C /* XCTAssert+Array.swift in Sources */,
				A7C0B6E821956C760063F55C /* SKImageCompatibilityTests.swift in Sources */,
			);
			runOnlyForDeploymentPostprocessing = 0;
		};
/* End PBXSourcesBuildPhase section */

/* Begin PBXTargetDependency section */
		OBJ_34 /* PBXTargetDependency */ = {
			isa = PBXTargetDependency;
			target = "HOGFeatureExtractor::HOGFeatureExtractorTests" /* HOGFeatureExtractorTests */;
			targetProxy = A7C0B6E921956C770063F55C /* PBXContainerItemProxy */;
		};
		OBJ_44 /* PBXTargetDependency */ = {
			isa = PBXTargetDependency;
			target = "HOGFeatureExtractor::HOGFeatureExtractor" /* HOGFeatureExtractor */;
			targetProxy = A7C0B6E621956C470063F55C /* PBXContainerItemProxy */;
		};
/* End PBXTargetDependency section */

/* Begin XCBuildConfiguration section */
		OBJ_19 /* Debug */ = {
			isa = XCBuildConfiguration;
			buildSettings = {
				ENABLE_TESTABILITY = YES;
				FRAMEWORK_SEARCH_PATHS = (
					"$(inherited)",
					"$(PLATFORM_DIR)/Developer/Library/Frameworks",
				);
				HEADER_SEARCH_PATHS = "$(inherited)";
				INFOPLIST_FILE = HOGFeatureExtractor.xcodeproj/HOGFeatureExtractor_Info.plist;
				LD_RUNPATH_SEARCH_PATHS = "$(inherited) $(TOOLCHAIN_DIR)/usr/lib/swift/macosx";
				OTHER_CFLAGS = "$(inherited)";
				OTHER_LDFLAGS = "$(inherited)";
				OTHER_SWIFT_FLAGS = "$(inherited)";
				PRODUCT_BUNDLE_IDENTIFIER = HOGFeatureExtractor;
				PRODUCT_MODULE_NAME = "$(TARGET_NAME:c99extidentifier)";
				PRODUCT_NAME = "$(TARGET_NAME:c99extidentifier)";
				SKIP_INSTALL = YES;
				SWIFT_ACTIVE_COMPILATION_CONDITIONS = "$(inherited)";
				SWIFT_VERSION = 4.2;
				TARGET_NAME = HOGFeatureExtractor;
			};
			name = Debug;
		};
		OBJ_20 /* Release */ = {
			isa = XCBuildConfiguration;
			buildSettings = {
				ENABLE_TESTABILITY = YES;
				FRAMEWORK_SEARCH_PATHS = (
					"$(inherited)",
					"$(PLATFORM_DIR)/Developer/Library/Frameworks",
				);
				HEADER_SEARCH_PATHS = "$(inherited)";
				INFOPLIST_FILE = HOGFeatureExtractor.xcodeproj/HOGFeatureExtractor_Info.plist;
				LD_RUNPATH_SEARCH_PATHS = "$(inherited) $(TOOLCHAIN_DIR)/usr/lib/swift/macosx";
				OTHER_CFLAGS = "$(inherited)";
				OTHER_LDFLAGS = "$(inherited)";
				OTHER_SWIFT_FLAGS = "$(inherited)";
				PRODUCT_BUNDLE_IDENTIFIER = HOGFeatureExtractor;
				PRODUCT_MODULE_NAME = "$(TARGET_NAME:c99extidentifier)";
				PRODUCT_NAME = "$(TARGET_NAME:c99extidentifier)";
				SKIP_INSTALL = YES;
				SWIFT_ACTIVE_COMPILATION_CONDITIONS = "$(inherited)";
				SWIFT_VERSION = 4.2;
				TARGET_NAME = HOGFeatureExtractor;
			};
			name = Release;
		};
		OBJ_26 /* Debug */ = {
			isa = XCBuildConfiguration;
			buildSettings = {
				LD = /usr/bin/true;
				OTHER_SWIFT_FLAGS = "-swift-version 4.2 -I $(TOOLCHAIN_DIR)/usr/lib/swift/pm/4_2 -target x86_64-apple-macosx10.10 -sdk /Applications/Xcode.app/Contents/Developer/Platforms/MacOSX.platform/Developer/SDKs/MacOSX10.14.sdk";
				SWIFT_VERSION = 4.2;
			};
			name = Debug;
		};
		OBJ_27 /* Release */ = {
			isa = XCBuildConfiguration;
			buildSettings = {
				LD = /usr/bin/true;
				OTHER_SWIFT_FLAGS = "-swift-version 4.2 -I $(TOOLCHAIN_DIR)/usr/lib/swift/pm/4_2 -target x86_64-apple-macosx10.10 -sdk /Applications/Xcode.app/Contents/Developer/Platforms/MacOSX.platform/Developer/SDKs/MacOSX10.14.sdk";
				SWIFT_VERSION = 4.2;
			};
			name = Release;
		};
		OBJ_3 /* Debug */ = {
			isa = XCBuildConfiguration;
			buildSettings = {
				CLANG_ENABLE_OBJC_ARC = YES;
				COMBINE_HIDPI_IMAGES = YES;
				COPY_PHASE_STRIP = NO;
				DEBUG_INFORMATION_FORMAT = dwarf;
				DYLIB_INSTALL_NAME_BASE = "@rpath";
				ENABLE_NS_ASSERTIONS = YES;
				GCC_OPTIMIZATION_LEVEL = 0;
				GCC_PREPROCESSOR_DEFINITIONS = (
					"DEBUG=1",
					"$(inherited)",
				);
				MACOSX_DEPLOYMENT_TARGET = 10.10;
				ONLY_ACTIVE_ARCH = YES;
				OTHER_SWIFT_FLAGS = "-DXcode";
				PRODUCT_NAME = "$(TARGET_NAME)";
				SDKROOT = macosx;
				SUPPORTED_PLATFORMS = "macosx iphoneos iphonesimulator appletvos appletvsimulator watchos watchsimulator";
				SWIFT_ACTIVE_COMPILATION_CONDITIONS = "SWIFT_PACKAGE DEBUG";
				SWIFT_OPTIMIZATION_LEVEL = "-Onone";
				USE_HEADERMAP = NO;
			};
			name = Debug;
		};
		OBJ_32 /* Debug */ = {
			isa = XCBuildConfiguration;
			buildSettings = {
			};
			name = Debug;
		};
		OBJ_33 /* Release */ = {
			isa = XCBuildConfiguration;
			buildSettings = {
			};
			name = Release;
		};
		OBJ_37 /* Debug */ = {
			isa = XCBuildConfiguration;
			buildSettings = {
				CLANG_ENABLE_MODULES = YES;
				EMBEDDED_CONTENT_CONTAINS_SWIFT = YES;
				FRAMEWORK_SEARCH_PATHS = (
					"$(inherited)",
					"$(PLATFORM_DIR)/Developer/Library/Frameworks",
				);
				HEADER_SEARCH_PATHS = "$(inherited)";
				INFOPLIST_FILE = HOGFeatureExtractor.xcodeproj/HOGFeatureExtractorTests_Info.plist;
				LD_RUNPATH_SEARCH_PATHS = "$(inherited) @loader_path/../Frameworks @loader_path/Frameworks";
				OTHER_CFLAGS = "$(inherited)";
				OTHER_LDFLAGS = "$(inherited)";
				OTHER_SWIFT_FLAGS = "$(inherited)";
				SWIFT_ACTIVE_COMPILATION_CONDITIONS = "$(inherited)";
				SWIFT_VERSION = 4.2;
				TARGET_NAME = HOGFeatureExtractorTests;
			};
			name = Debug;
		};
		OBJ_38 /* Release */ = {
			isa = XCBuildConfiguration;
			buildSettings = {
				CLANG_ENABLE_MODULES = YES;
				EMBEDDED_CONTENT_CONTAINS_SWIFT = YES;
				FRAMEWORK_SEARCH_PATHS = (
					"$(inherited)",
					"$(PLATFORM_DIR)/Developer/Library/Frameworks",
				);
				HEADER_SEARCH_PATHS = "$(inherited)";
				INFOPLIST_FILE = HOGFeatureExtractor.xcodeproj/HOGFeatureExtractorTests_Info.plist;
				LD_RUNPATH_SEARCH_PATHS = "$(inherited) @loader_path/../Frameworks @loader_path/Frameworks";
				OTHER_CFLAGS = "$(inherited)";
				OTHER_LDFLAGS = "$(inherited)";
				OTHER_SWIFT_FLAGS = "$(inherited)";
				SWIFT_ACTIVE_COMPILATION_CONDITIONS = "$(inherited)";
				SWIFT_VERSION = 4.2;
				TARGET_NAME = HOGFeatureExtractorTests;
			};
			name = Release;
		};
		OBJ_4 /* Release */ = {
			isa = XCBuildConfiguration;
			buildSettings = {
				CLANG_ENABLE_OBJC_ARC = YES;
				COMBINE_HIDPI_IMAGES = YES;
				COPY_PHASE_STRIP = YES;
				DEBUG_INFORMATION_FORMAT = "dwarf-with-dsym";
				DYLIB_INSTALL_NAME_BASE = "@rpath";
				GCC_OPTIMIZATION_LEVEL = s;
				MACOSX_DEPLOYMENT_TARGET = 10.10;
				OTHER_SWIFT_FLAGS = "-DXcode";
				PRODUCT_NAME = "$(TARGET_NAME)";
				SDKROOT = macosx;
				SUPPORTED_PLATFORMS = "macosx iphoneos iphonesimulator appletvos appletvsimulator watchos watchsimulator";
				SWIFT_ACTIVE_COMPILATION_CONDITIONS = SWIFT_PACKAGE;
				SWIFT_OPTIMIZATION_LEVEL = "-Owholemodule";
				USE_HEADERMAP = NO;
			};
			name = Release;
		};
/* End XCBuildConfiguration section */

/* Begin XCConfigurationList section */
		OBJ_18 /* Build configuration list for PBXNativeTarget "HOGFeatureExtractor" */ = {
			isa = XCConfigurationList;
			buildConfigurations = (
				OBJ_19 /* Debug */,
				OBJ_20 /* Release */,
			);
			defaultConfigurationIsVisible = 0;
			defaultConfigurationName = Release;
		};
		OBJ_2 /* Build configuration list for PBXProject "HOGFeatureExtractor" */ = {
			isa = XCConfigurationList;
			buildConfigurations = (
				OBJ_3 /* Debug */,
				OBJ_4 /* Release */,
			);
			defaultConfigurationIsVisible = 0;
			defaultConfigurationName = Release;
		};
		OBJ_25 /* Build configuration list for PBXNativeTarget "HOGFeatureExtractorPackageDescription" */ = {
			isa = XCConfigurationList;
			buildConfigurations = (
				OBJ_26 /* Debug */,
				OBJ_27 /* Release */,
			);
			defaultConfigurationIsVisible = 0;
			defaultConfigurationName = Release;
		};
		OBJ_31 /* Build configuration list for PBXAggregateTarget "HOGFeatureExtractorPackageTests" */ = {
			isa = XCConfigurationList;
			buildConfigurations = (
				OBJ_32 /* Debug */,
				OBJ_33 /* Release */,
			);
			defaultConfigurationIsVisible = 0;
			defaultConfigurationName = Release;
		};
		OBJ_36 /* Build configuration list for PBXNativeTarget "HOGFeatureExtractorTests" */ = {
			isa = XCConfigurationList;
			buildConfigurations = (
				OBJ_37 /* Debug */,
				OBJ_38 /* Release */,
			);
			defaultConfigurationIsVisible = 0;
			defaultConfigurationName = Release;
		};
/* End XCConfigurationList section */
	};
	rootObject = OBJ_1 /* Project object */;
}
